
Microsoft Visual Studio Solution File, Format Version 12.00
# Visual Studio Version 16
VisualStudioVersion = 16.0.31727.386
MinimumVisualStudioVersion = 10.0.40219.1
Project("{9A19103F-16F7-4668-BE54-9A1E7A4F7556}") = "Pizza.Server", "Pizza.Server\Pizza.Server.csproj", "{91B5A854-1463-4B75-BB09-FB58431621EA}"
EndProject
Project("{FAE04EC0-301F-11D3-BF4B-00C04F79EFBC}") = "Repository", "Repository.Interfaces\Repository.csproj", "{EAB45B78-0888-49AB-9F33-9CAB7DF4404E}"
EndProject
Project("{FAE04EC0-301F-11D3-BF4B-00C04F79EFBC}") = "Application.Service", "Application.Service\Application.Service.csproj", "{10F94879-483B-4D7B-8592-1562E721CFB7}"
EndProject
Project("{FAE04EC0-301F-11D3-BF4B-00C04F79EFBC}") = "Pizza.Server.Test", "Pizza.Server.Test\Pizza.Server.Test.csproj", "{A591189D-99E3-4182-A172-641895890107}"
EndProject
Global
	GlobalSection(SolutionConfigurationPlatforms) = preSolution
		Debug|Any CPU = Debug|Any CPU
		Release|Any CPU = Release|Any CPU
	EndGlobalSection
	GlobalSection(ProjectConfigurationPlatforms) = postSolution
		{91B5A854-1463-4B75-BB09-FB58431621EA}.Debug|Any CPU.ActiveCfg = Debug|Any CPU
		{91B5A854-1463-4B75-BB09-FB58431621EA}.Debug|Any CPU.Build.0 = Debug|Any CPU
		{91B5A854-1463-4B75-BB09-FB58431621EA}.Release|Any CPU.ActiveCfg = Release|Any CPU
		{91B5A854-1463-4B75-BB09-FB58431621EA}.Release|Any CPU.Build.0 = Release|Any CPU
		{EAB45B78-0888-49AB-9F33-9CAB7DF4404E}.Debug|Any CPU.ActiveCfg = Debug|Any CPU
		{EAB45B78-0888-49AB-9F33-9CAB7DF4404E}.Debug|Any CPU.Build.0 = Debug|Any CPU
		{EAB45B78-0888-49AB-9F33-9CAB7DF4404E}.Release|Any CPU.ActiveCfg = Release|Any CPU
		{EAB45B78-0888-49AB-9F33-9CAB7DF4404E}.Release|Any CPU.Build.0 = Release|Any CPU
		{10F94879-483B-4D7B-8592-1562E721CFB7}.Debug|Any CPU.ActiveCfg = Debug|Any CPU
		{10F94879-483B-4D7B-8592-1562E721CFB7}.Debug|Any CPU.Build.0 = Debug|Any CPU
		{10F94879-483B-4D7B-8592-1562E721CFB7}.Release|Any CPU.ActiveCfg = Release|Any CPU
		{10F94879-483B-4D7B-8592-1562E721CFB7}.Release|Any CPU.Build.0 = Release|Any CPU
		{A591189D-99E3-4182-A172-641895890107}.Debug|Any CPU.ActiveCfg = Debug|Any CPU
		{A591189D-99E3-4182-A172-641895890107}.Debug|Any CPU.Build.0 = Debug|Any CPU
		{A591189D-99E3-4182-A172-641895890107}.Release|Any CPU.ActiveCfg = Release|Any CPU
		{A591189D-99E3-4182-A172-641895890107}.Release|Any CPU.Build.0 = Release|Any CPU
	EndGlobalSection
	GlobalSection(SolutionProperties) = preSolution
		HideSolutionNode = FALSE
	EndGlobalSection
	GlobalSection(ExtensibilityGlobals) = postSolution
		SolutionGuid = {7D0E15A6-B408-44B3-8457-6EFCCE11CB9C}
	EndGlobalSection
EndGlobal
